
Microsoft Visual Studio Solution File, Format Version 12.00
# Visual Studio 14
VisualStudioVersion = 14.0.25420.1
MinimumVisualStudioVersion = 10.0.40219.1
Project("{FAE04EC0-301F-11D3-BF4B-00C04F79EFBC}") = "AvonManager.Data", "AvonManager.Data\AvonManager.Data.csproj", "{2895FFE4-5D4C-47E2-A4FC-72D126C5B115}"
EndProject
Project("{FAE04EC0-301F-11D3-BF4B-00C04F79EFBC}") = "AvonManager.BusinessObjects", "AvonManager.BusinessObjects\AvonManager.BusinessObjects.csproj", "{0A681FBE-E84B-403D-8F55-23281A882A8A}"
EndProject
Project("{FAE04EC0-301F-11D3-BF4B-00C04F79EFBC}") = "AvonManager.Interfaces", "AvonManager.Interfaces\AvonManager.Interfaces.csproj", "{A2E7E04D-AD9C-42C7-8737-C1D8BE8954D2}"
EndProject
Project("{2150E333-8FDC-42A3-9474-1A3956D46DE8}") = "Modules", "Modules", "{1F169549-ADA0-4F92-8AAC-27522472A563}"
EndProject
Project("{FAE04EC0-301F-11D3-BF4B-00C04F79EFBC}") = "AvonManager.ArtikelModule", "AvonManager.ArtikelModule\AvonManager.ArtikelModule.csproj", "{AF676231-DC7F-4F08-81A0-9DD77E77480B}"
EndProject
Project("{2150E333-8FDC-42A3-9474-1A3956D46DE8}") = "Common", "Common", "{29D3B008-05D8-428D-B854-10492E9BAEB3}"
EndProject
Project("{FAE04EC0-301F-11D3-BF4B-00C04F79EFBC}") = "AvonManager.Common", "AvonManager.Common\AvonManager.Common.csproj", "{E510FEBD-16F6-4442-AA20-A8A2E1278116}"
EndProject
Project("{FAE04EC0-301F-11D3-BF4B-00C04F79EFBC}") = "AvonManager.Desktop", "AvonManager.Desktop\AvonManager.Desktop.csproj", "{38B42884-C59C-4A2A-A858-D6B4A9777019}"
EndProject
Project("{2150E333-8FDC-42A3-9474-1A3956D46DE8}") = "UnitTests", "UnitTests", "{DEDD15DF-278B-4884-99E9-F8781F954425}"
EndProject
Project("{FAE04EC0-301F-11D3-BF4B-00C04F79EFBC}") = "AvonManager.Modules.Kategorie.Test", "AvonManager.Modules.Kategorie.Test\AvonManager.Modules.Kategorie.Test.csproj", "{115991FA-C816-4EEC-A8B4-D7E36ACD6849}"
EndProject
Project("{FAE04EC0-301F-11D3-BF4B-00C04F79EFBC}") = "AvonManager.KundenHefte", "AvonManager.KundenHefte\AvonManager.KundenHefte.csproj", "{8F97007E-9C03-4386-AE51-B40751FA044E}"
EndProject
Project("{FAE04EC0-301F-11D3-BF4B-00C04F79EFBC}") = "AvonManager.Bestellungen", "AvonManager.Bestellungen\AvonManager.Bestellungen.csproj", "{F31FE3E9-3A02-4726-A5AE-4739569BF8AE}"
EndProject
Project("{FAE04EC0-301F-11D3-BF4B-00C04F79EFBC}") = "AvonManager.Theme", "AvonManager.Theme\AvonManager.Theme.csproj", "{4762D906-149C-493D-9266-D91A3E3BA702}"
EndProject
Project("{2150E333-8FDC-42A3-9474-1A3956D46DE8}") = "Library", "Library", "{F2D83ED2-13A4-4395-BDE8-3D9CDD103280}"
	ProjectSection(SolutionItems) = preProject
		Library\System.Windows.Controls.Input.Toolkit.dll = Library\System.Windows.Controls.Input.Toolkit.dll
		Library\System.Windows.Controls.Layout.Toolkit.dll = Library\System.Windows.Controls.Layout.Toolkit.dll
		Library\WebcamControl.dll = Library\WebcamControl.dll
		Library\WPFToolkit.dll = Library\WPFToolkit.dll
		Library\Xceed.Wpf.Toolkit.dll = Library\Xceed.Wpf.Toolkit.dll
	EndProjectSection
EndProject
Global
	GlobalSection(SolutionConfigurationPlatforms) = preSolution
		Debug|Any CPU = Debug|Any CPU
		Debug|x86 = Debug|x86
		Release|Any CPU = Release|Any CPU
		Release|x86 = Release|x86
	EndGlobalSection
	GlobalSection(ProjectConfigurationPlatforms) = postSolution
		{2895FFE4-5D4C-47E2-A4FC-72D126C5B115}.Debug|Any CPU.ActiveCfg = Debug|Any CPU
		{2895FFE4-5D4C-47E2-A4FC-72D126C5B115}.Debug|Any CPU.Build.0 = Debug|Any CPU
		{2895FFE4-5D4C-47E2-A4FC-72D126C5B115}.Debug|x86.ActiveCfg = Debug|x86
		{2895FFE4-5D4C-47E2-A4FC-72D126C5B115}.Debug|x86.Build.0 = Debug|x86
		{2895FFE4-5D4C-47E2-A4FC-72D126C5B115}.Release|Any CPU.ActiveCfg = Release|Any CPU
		{2895FFE4-5D4C-47E2-A4FC-72D126C5B115}.Release|Any CPU.Build.0 = Release|Any CPU
		{2895FFE4-5D4C-47E2-A4FC-72D126C5B115}.Release|x86.ActiveCfg = Release|x86
		{2895FFE4-5D4C-47E2-A4FC-72D126C5B115}.Release|x86.Build.0 = Release|x86
		{0A681FBE-E84B-403D-8F55-23281A882A8A}.Debug|Any CPU.ActiveCfg = Debug|Any CPU
		{0A681FBE-E84B-403D-8F55-23281A882A8A}.Debug|Any CPU.Build.0 = Debug|Any CPU
		{0A681FBE-E84B-403D-8F55-23281A882A8A}.Debug|x86.ActiveCfg = Debug|x86
		{0A681FBE-E84B-403D-8F55-23281A882A8A}.Debug|x86.Build.0 = Debug|x86
		{0A681FBE-E84B-403D-8F55-23281A882A8A}.Release|Any CPU.ActiveCfg = Release|Any CPU
		{0A681FBE-E84B-403D-8F55-23281A882A8A}.Release|Any CPU.Build.0 = Release|Any CPU
		{0A681FBE-E84B-403D-8F55-23281A882A8A}.Release|x86.ActiveCfg = Release|x86
		{0A681FBE-E84B-403D-8F55-23281A882A8A}.Release|x86.Build.0 = Release|x86
		{A2E7E04D-AD9C-42C7-8737-C1D8BE8954D2}.Debug|Any CPU.ActiveCfg = Debug|Any CPU
		{A2E7E04D-AD9C-42C7-8737-C1D8BE8954D2}.Debug|Any CPU.Build.0 = Debug|Any CPU
		{A2E7E04D-AD9C-42C7-8737-C1D8BE8954D2}.Debug|x86.ActiveCfg = Debug|x86
		{A2E7E04D-AD9C-42C7-8737-C1D8BE8954D2}.Debug|x86.Build.0 = Debug|x86
		{A2E7E04D-AD9C-42C7-8737-C1D8BE8954D2}.Release|Any CPU.ActiveCfg = Release|Any CPU
		{A2E7E04D-AD9C-42C7-8737-C1D8BE8954D2}.Release|Any CPU.Build.0 = Release|Any CPU
		{A2E7E04D-AD9C-42C7-8737-C1D8BE8954D2}.Release|x86.ActiveCfg = Release|x86
		{A2E7E04D-AD9C-42C7-8737-C1D8BE8954D2}.Release|x86.Build.0 = Release|x86
		{AF676231-DC7F-4F08-81A0-9DD77E77480B}.Debug|Any CPU.ActiveCfg = Debug|Any CPU
		{AF676231-DC7F-4F08-81A0-9DD77E77480B}.Debug|Any CPU.Build.0 = Debug|Any CPU
		{AF676231-DC7F-4F08-81A0-9DD77E77480B}.Debug|x86.ActiveCfg = Debug|x86
		{AF676231-DC7F-4F08-81A0-9DD77E77480B}.Debug|x86.Build.0 = Debug|x86
		{AF676231-DC7F-4F08-81A0-9DD77E77480B}.Release|Any CPU.ActiveCfg = Release|Any CPU
		{AF676231-DC7F-4F08-81A0-9DD77E77480B}.Release|Any CPU.Build.0 = Release|Any CPU
		{AF676231-DC7F-4F08-81A0-9DD77E77480B}.Release|x86.ActiveCfg = Release|x86
		{AF676231-DC7F-4F08-81A0-9DD77E77480B}.Release|x86.Build.0 = Release|x86
		{E510FEBD-16F6-4442-AA20-A8A2E1278116}.Debug|Any CPU.ActiveCfg = Debug|Any CPU
		{E510FEBD-16F6-4442-AA20-A8A2E1278116}.Debug|Any CPU.Build.0 = Debug|Any CPU
		{E510FEBD-16F6-4442-AA20-A8A2E1278116}.Debug|x86.ActiveCfg = Debug|x86
		{E510FEBD-16F6-4442-AA20-A8A2E1278116}.Debug|x86.Build.0 = Debug|x86
		{E510FEBD-16F6-4442-AA20-A8A2E1278116}.Release|Any CPU.ActiveCfg = Release|Any CPU
		{E510FEBD-16F6-4442-AA20-A8A2E1278116}.Release|Any CPU.Build.0 = Release|Any CPU
		{E510FEBD-16F6-4442-AA20-A8A2E1278116}.Release|x86.ActiveCfg = Release|x86
		{E510FEBD-16F6-4442-AA20-A8A2E1278116}.Release|x86.Build.0 = Release|x86
		{38B42884-C59C-4A2A-A858-D6B4A9777019}.Debug|Any CPU.ActiveCfg = Debug|Any CPU
		{38B42884-C59C-4A2A-A858-D6B4A9777019}.Debug|Any CPU.Build.0 = Debug|Any CPU
		{38B42884-C59C-4A2A-A858-D6B4A9777019}.Debug|x86.ActiveCfg = Debug|x86
		{38B42884-C59C-4A2A-A858-D6B4A9777019}.Debug|x86.Build.0 = Debug|x86
		{38B42884-C59C-4A2A-A858-D6B4A9777019}.Release|Any CPU.ActiveCfg = Release|Any CPU
		{38B42884-C59C-4A2A-A858-D6B4A9777019}.Release|Any CPU.Build.0 = Release|Any CPU
		{38B42884-C59C-4A2A-A858-D6B4A9777019}.Release|x86.ActiveCfg = Release|x86
		{38B42884-C59C-4A2A-A858-D6B4A9777019}.Release|x86.Build.0 = Release|x86
		{115991FA-C816-4EEC-A8B4-D7E36ACD6849}.Debug|Any CPU.ActiveCfg = Debug|Any CPU
		{115991FA-C816-4EEC-A8B4-D7E36ACD6849}.Debug|Any CPU.Build.0 = Debug|Any CPU
		{115991FA-C816-4EEC-A8B4-D7E36ACD6849}.Debug|x86.ActiveCfg = Debug|Any CPU
		{115991FA-C816-4EEC-A8B4-D7E36ACD6849}.Debug|x86.Build.0 = Debug|Any CPU
		{115991FA-C816-4EEC-A8B4-D7E36ACD6849}.Release|Any CPU.ActiveCfg = Release|Any CPU
		{115991FA-C816-4EEC-A8B4-D7E36ACD6849}.Release|Any CPU.Build.0 = Release|Any CPU
		{115991FA-C816-4EEC-A8B4-D7E36ACD6849}.Release|x86.ActiveCfg = Release|Any CPU
		{115991FA-C816-4EEC-A8B4-D7E36ACD6849}.Release|x86.Build.0 = Release|Any CPU
		{8F97007E-9C03-4386-AE51-B40751FA044E}.Debug|Any CPU.ActiveCfg = Debug|Any CPU
		{8F97007E-9C03-4386-AE51-B40751FA044E}.Debug|Any CPU.Build.0 = Debug|Any CPU
		{8F97007E-9C03-4386-AE51-B40751FA044E}.Debug|x86.ActiveCfg = Debug|x86
		{8F97007E-9C03-4386-AE51-B40751FA044E}.Debug|x86.Build.0 = Debug|x86
		{8F97007E-9C03-4386-AE51-B40751FA044E}.Release|Any CPU.ActiveCfg = Release|Any CPU
		{8F97007E-9C03-4386-AE51-B40751FA044E}.Release|Any CPU.Build.0 = Release|Any CPU
		{8F97007E-9C03-4386-AE51-B40751FA044E}.Release|x86.ActiveCfg = Release|x86
		{8F97007E-9C03-4386-AE51-B40751FA044E}.Release|x86.Build.0 = Release|x86
		{F31FE3E9-3A02-4726-A5AE-4739569BF8AE}.Debug|Any CPU.ActiveCfg = Debug|Any CPU
		{F31FE3E9-3A02-4726-A5AE-4739569BF8AE}.Debug|Any CPU.Build.0 = Debug|Any CPU
		{F31FE3E9-3A02-4726-A5AE-4739569BF8AE}.Debug|x86.ActiveCfg = Debug|x86
		{F31FE3E9-3A02-4726-A5AE-4739569BF8AE}.Debug|x86.Build.0 = Debug|x86
		{F31FE3E9-3A02-4726-A5AE-4739569BF8AE}.Release|Any CPU.ActiveCfg = Release|Any CPU
		{F31FE3E9-3A02-4726-A5AE-4739569BF8AE}.Release|Any CPU.Build.0 = Release|Any CPU
		{F31FE3E9-3A02-4726-A5AE-4739569BF8AE}.Release|x86.ActiveCfg = Release|x86
		{F31FE3E9-3A02-4726-A5AE-4739569BF8AE}.Release|x86.Build.0 = Release|x86
		{4762D906-149C-493D-9266-D91A3E3BA702}.Debug|Any CPU.ActiveCfg = Debug|Any CPU
		{4762D906-149C-493D-9266-D91A3E3BA702}.Debug|Any CPU.Build.0 = Debug|Any CPU
		{4762D906-149C-493D-9266-D91A3E3BA702}.Debug|x86.ActiveCfg = Debug|Any CPU
		{4762D906-149C-493D-9266-D91A3E3BA702}.Debug|x86.Build.0 = Debug|Any CPU
		{4762D906-149C-493D-9266-D91A3E3BA702}.Release|Any CPU.ActiveCfg = Release|Any CPU
		{4762D906-149C-493D-9266-D91A3E3BA702}.Release|Any CPU.Build.0 = Release|Any CPU
		{4762D906-149C-493D-9266-D91A3E3BA702}.Release|x86.ActiveCfg = Release|Any CPU
		{4762D906-149C-493D-9266-D91A3E3BA702}.Release|x86.Build.0 = Release|Any CPU
	EndGlobalSection
	GlobalSection(SolutionProperties) = preSolution
		HideSolutionNode = FALSE
	EndGlobalSection
	GlobalSection(NestedProjects) = preSolution
		{AF676231-DC7F-4F08-81A0-9DD77E77480B} = {1F169549-ADA0-4F92-8AAC-27522472A563}
		{E510FEBD-16F6-4442-AA20-A8A2E1278116} = {29D3B008-05D8-428D-B854-10492E9BAEB3}
		{115991FA-C816-4EEC-A8B4-D7E36ACD6849} = {DEDD15DF-278B-4884-99E9-F8781F954425}
		{8F97007E-9C03-4386-AE51-B40751FA044E} = {1F169549-ADA0-4F92-8AAC-27522472A563}
		{F31FE3E9-3A02-4726-A5AE-4739569BF8AE} = {1F169549-ADA0-4F92-8AAC-27522472A563}
		{4762D906-149C-493D-9266-D91A3E3BA702} = {29D3B008-05D8-428D-B854-10492E9BAEB3}
	EndGlobalSection
	GlobalSection(ExtensibilityGlobals) = postSolution
		EnterpriseLibraryConfigurationToolBinariesPathV6 = packages\EnterpriseLibrary.Common.6.0.1304.0\lib\NET45;packages\EnterpriseLibrary.Logging.6.0.1304.0\lib\NET45
	EndGlobalSection
EndGlobal
